
Microsoft Visual Studio Solution File, Format Version 12.00
# Visual Studio Version 16
VisualStudioVersion = 16.0.31129.286
MinimumVisualStudioVersion = 10.0.40219.1
Project("{FAE04EC0-301F-11D3-BF4B-00C04F79EFBC}") = "mscs", "mscs.csproj", "{CC531F8C-004A-4CEE-9DB7-74B8E2822E21}"
EndProject
Global
	GlobalSection(SolutionConfigurationPlatforms) = preSolution
		Debug|Any CPU = Debug|Any CPU
		Release|Any CPU = Release|Any CPU
	EndGlobalSection
	GlobalSection(ProjectConfigurationPlatforms) = postSolution
		{CC531F8C-004A-4CEE-9DB7-74B8E2822E21}.Debug|Any CPU.ActiveCfg = Debug|Any CPU
		{CC531F8C-004A-4CEE-9DB7-74B8E2822E21}.Debug|Any CPU.Build.0 = Debug|Any CPU
		{CC531F8C-004A-4CEE-9DB7-74B8E2822E21}.Release|Any CPU.ActiveCfg = Release|Any CPU
		{CC531F8C-004A-4CEE-9DB7-74B8E2822E21}.Release|Any CPU.Build.0 = Release|Any CPU
	EndGlobalSection
	GlobalSection(SolutionProperties) = preSolution
		HideSolutionNode = FALSE
	EndGlobalSection
	GlobalSection(ExtensibilityGlobals) = postSolution
		SolutionGuid = {6149F89C-027D-4859-A4D9-60940D4B8E61}
	EndGlobalSection
EndGlobal
